// !$*UTF8*$!
{
	archiveVersion = 1;
	classes = {
	};
	objectVersion = 51;
	objects = {

/* Begin PBXBuildFile section */
		2AE6B710EBC800FC5ABCD152 /* Pods_IOS_toon.framework in Frameworks */ = {isa = PBXBuildFile; fileRef = F7B9597E1BA977F2D78A9C87 /* Pods_IOS_toon.framework */; };
		6F3C5CCE25DE67B500692EF1 /* TableViewController.swift in Sources */ = {isa = PBXBuildFile; fileRef = 6F3C5CCD25DE67B500692EF1 /* TableViewController.swift */; };
		6F3C5CD125DE6A0500692EF1 /* Share.swift in Sources */ = {isa = PBXBuildFile; fileRef = 6F3C5CD025DE6A0500692EF1 /* Share.swift */; };
		6F3C5CD425DE6F3000692EF1 /* FindViewController.swift in Sources */ = {isa = PBXBuildFile; fileRef = 6F3C5CD325DE6F3000692EF1 /* FindViewController.swift */; };
		6F472D4125E38A8F0069DAD1 /* EmailCheckModel.swift in Sources */ = {isa = PBXBuildFile; fileRef = 6F472D4025E38A8F0069DAD1 /* EmailCheckModel.swift */; };
		6FA415F725DF6CB40018B1A4 /* JoinViewController.swift in Sources */ = {isa = PBXBuildFile; fileRef = 6FA415F625DF6CB40018B1A4 /* JoinViewController.swift */; };
		6FA415FC25E360AE0018B1A4 /* DBModel.swift in Sources */ = {isa = PBXBuildFile; fileRef = 6FA415FB25E360AE0018B1A4 /* DBModel.swift */; };
		6FA415FF25E363310018B1A4 /* InsertModel.swift in Sources */ = {isa = PBXBuildFile; fileRef = 6FA415FE25E363310018B1A4 /* InsertModel.swift */; };
		6FBE46C825DE597900971EFC /* AppDelegate.swift in Sources */ = {isa = PBXBuildFile; fileRef = 6FBE46C725DE597900971EFC /* AppDelegate.swift */; };
		6FBE46CA25DE597900971EFC /* SceneDelegate.swift in Sources */ = {isa = PBXBuildFile; fileRef = 6FBE46C925DE597900971EFC /* SceneDelegate.swift */; };
		6FBE46CC25DE597900971EFC /* ViewController.swift in Sources */ = {isa = PBXBuildFile; fileRef = 6FBE46CB25DE597900971EFC /* ViewController.swift */; };
		6FBE46CF25DE597900971EFC /* Main.storyboard in Resources */ = {isa = PBXBuildFile; fileRef = 6FBE46CD25DE597900971EFC /* Main.storyboard */; };
		6FBE46D125DE597B00971EFC /* Assets.xcassets in Resources */ = {isa = PBXBuildFile; fileRef = 6FBE46D025DE597B00971EFC /* Assets.xcassets */; };
		6FBE46D425DE597B00971EFC /* LaunchScreen.storyboard in Resources */ = {isa = PBXBuildFile; fileRef = 6FBE46D225DE597B00971EFC /* LaunchScreen.storyboard */; };
		A50461C425E65AD200ED1D0F /* icon2.png in Resources */ = {isa = PBXBuildFile; fileRef = A50461C325E65AD200ED1D0F /* icon2.png */; };
		A50461C925E65D3500ED1D0F /* icon1.png in Resources */ = {isa = PBXBuildFile; fileRef = A50461C725E65D3500ED1D0F /* icon1.png */; };
		A50461CA25E65D3500ED1D0F /* icon3.png in Resources */ = {isa = PBXBuildFile; fileRef = A50461C825E65D3500ED1D0F /* icon3.png */; };
		A50461D025E65E1B00ED1D0F /* icon6psd.png in Resources */ = {isa = PBXBuildFile; fileRef = A50461CC25E65E1B00ED1D0F /* icon6psd.png */; };
		A50461D125E65E1B00ED1D0F /* icon8.png in Resources */ = {isa = PBXBuildFile; fileRef = A50461CD25E65E1B00ED1D0F /* icon8.png */; };
		A50461D225E65E1B00ED1D0F /* icon5.png in Resources */ = {isa = PBXBuildFile; fileRef = A50461CE25E65E1B00ED1D0F /* icon5.png */; };
		A50461D325E65E1B00ED1D0F /* icon4.png in Resources */ = {isa = PBXBuildFile; fileRef = A50461CF25E65E1B00ED1D0F /* icon4.png */; };
		A50461E025E7A2DA00ED1D0F /* ContentDetailViewController.swift in Sources */ = {isa = PBXBuildFile; fileRef = A50461DF25E7A2DA00ED1D0F /* ContentDetailViewController.swift */; };
		A50940B325E597A7000D3A84 /* FavoriteTableModel.swift in Sources */ = {isa = PBXBuildFile; fileRef = A50940B225E597A7000D3A84 /* FavoriteTableModel.swift */; };
		A50940B725E627AA000D3A84 /* ContentDBModel.swift in Sources */ = {isa = PBXBuildFile; fileRef = A50940B625E627AA000D3A84 /* ContentDBModel.swift */; };
		A50940CE25E643FB000D3A84 /* RecentTableViewController.swift in Sources */ = {isa = PBXBuildFile; fileRef = A50940CD25E643FB000D3A84 /* RecentTableViewController.swift */; };
		A50940D125E644A7000D3A84 /* RecentTableModel.swift in Sources */ = {isa = PBXBuildFile; fileRef = A50940D025E644A7000D3A84 /* RecentTableModel.swift */; };
		A50940D425E64832000D3A84 /* RecentTableViewCell.swift in Sources */ = {isa = PBXBuildFile; fileRef = A50940D325E64832000D3A84 /* RecentTableViewCell.swift */; };
		A50940DC25E64D61000D3A84 /* BookTableViewController.swift in Sources */ = {isa = PBXBuildFile; fileRef = A50940DB25E64D61000D3A84 /* BookTableViewController.swift */; };
		A50940DF25E64DD3000D3A84 /* BookTableModel.swift in Sources */ = {isa = PBXBuildFile; fileRef = A50940DE25E64DD3000D3A84 /* BookTableModel.swift */; };
		A50940E225E65112000D3A84 /* BookTableViewCell.swift in Sources */ = {isa = PBXBuildFile; fileRef = A50940E125E65112000D3A84 /* BookTableViewCell.swift */; };
		A5D1F0C425E7E1A900751EB0 /* back1.png in Resources */ = {isa = PBXBuildFile; fileRef = A5D1F0C325E7E1A900751EB0 /* back1.png */; };
		A5D1F0CF25E7EA6900751EB0 /* SearchResultTableViewController.swift in Sources */ = {isa = PBXBuildFile; fileRef = A5D1F0CE25E7EA6900751EB0 /* SearchResultTableViewController.swift */; };
		A5E79CFF25DEA97000909E77 /* ad2.png in Resources */ = {isa = PBXBuildFile; fileRef = A5E79CFC25DEA97000909E77 /* ad2.png */; };
		A5E79D0125DEA97000909E77 /* ad1.png in Resources */ = {isa = PBXBuildFile; fileRef = A5E79CFE25DEA97000909E77 /* ad1.png */; };
		A5E79D0C25DEAC9C00909E77 /* MainViewController.swift in Sources */ = {isa = PBXBuildFile; fileRef = A5E79D0B25DEAC9B00909E77 /* MainViewController.swift */; };
		A5E79D1525DECC9000909E77 /* SearchViewController.swift in Sources */ = {isa = PBXBuildFile; fileRef = A5E79D1425DECC9000909E77 /* SearchViewController.swift */; };
		A5E79D1825DED32A00909E77 /* MyPageViewController.swift in Sources */ = {isa = PBXBuildFile; fileRef = A5E79D1725DED32A00909E77 /* MyPageViewController.swift */; };
		A5E79D2025DEDEAF00909E77 /* ad4.png in Resources */ = {isa = PBXBuildFile; fileRef = A5E79D1C25DEDEAF00909E77 /* ad4.png */; };
		A5E79D2125DEDEAF00909E77 /* ad7.png in Resources */ = {isa = PBXBuildFile; fileRef = A5E79D1D25DEDEAF00909E77 /* ad7.png */; };
		A5E79D2225DEDEAF00909E77 /* ad5.png in Resources */ = {isa = PBXBuildFile; fileRef = A5E79D1E25DEDEAF00909E77 /* ad5.png */; };
		A5E79D2325DEDEAF00909E77 /* ad6.png in Resources */ = {isa = PBXBuildFile; fileRef = A5E79D1F25DEDEAF00909E77 /* ad6.png */; };
		A5E79D2C25DEEA6A00909E77 /* ad8.png in Resources */ = {isa = PBXBuildFile; fileRef = A5E79D2B25DEEA6A00909E77 /* ad8.png */; };
		A5FF1BE425E5734B00D3C126 /* FavoriteTableViewController.swift in Sources */ = {isa = PBXBuildFile; fileRef = A5FF1BE325E5734B00D3C126 /* FavoriteTableViewController.swift */; };
		A5FF1BE825E573F900D3C126 /* FavoriteTableViewCell.swift in Sources */ = {isa = PBXBuildFile; fileRef = A5FF1BE725E573F900D3C126 /* FavoriteTableViewCell.swift */; };
/* End PBXBuildFile section */

/* Begin PBXFileReference section */
		63FABE2C36B800A83ECFF152 /* Pods-IOS_toon.debug.xcconfig */ = {isa = PBXFileReference; includeInIndex = 1; lastKnownFileType = text.xcconfig; name = "Pods-IOS_toon.debug.xcconfig"; path = "Target Support Files/Pods-IOS_toon/Pods-IOS_toon.debug.xcconfig"; sourceTree = "<group>"; };
		6F3C5CCD25DE67B500692EF1 /* TableViewController.swift */ = {isa = PBXFileReference; lastKnownFileType = sourcecode.swift; path = TableViewController.swift; sourceTree = "<group>"; };
		6F3C5CD025DE6A0500692EF1 /* Share.swift */ = {isa = PBXFileReference; lastKnownFileType = sourcecode.swift; path = Share.swift; sourceTree = "<group>"; };
		6F3C5CD325DE6F3000692EF1 /* FindViewController.swift */ = {isa = PBXFileReference; lastKnownFileType = sourcecode.swift; path = FindViewController.swift; sourceTree = "<group>"; };
		6F472D4025E38A8F0069DAD1 /* EmailCheckModel.swift */ = {isa = PBXFileReference; lastKnownFileType = sourcecode.swift; path = EmailCheckModel.swift; sourceTree = "<group>"; };
		6FA415F625DF6CB40018B1A4 /* JoinViewController.swift */ = {isa = PBXFileReference; lastKnownFileType = sourcecode.swift; path = JoinViewController.swift; sourceTree = "<group>"; };
		6FA415FB25E360AE0018B1A4 /* DBModel.swift */ = {isa = PBXFileReference; lastKnownFileType = sourcecode.swift; path = DBModel.swift; sourceTree = "<group>"; };
		6FA415FE25E363310018B1A4 /* InsertModel.swift */ = {isa = PBXFileReference; lastKnownFileType = sourcecode.swift; path = InsertModel.swift; sourceTree = "<group>"; };
		6FBE46C425DE597900971EFC /* IOS_toon.app */ = {isa = PBXFileReference; explicitFileType = wrapper.application; includeInIndex = 0; path = IOS_toon.app; sourceTree = BUILT_PRODUCTS_DIR; };
		6FBE46C725DE597900971EFC /* AppDelegate.swift */ = {isa = PBXFileReference; lastKnownFileType = sourcecode.swift; path = AppDelegate.swift; sourceTree = "<group>"; };
		6FBE46C925DE597900971EFC /* SceneDelegate.swift */ = {isa = PBXFileReference; lastKnownFileType = sourcecode.swift; path = SceneDelegate.swift; sourceTree = "<group>"; };
		6FBE46CB25DE597900971EFC /* ViewController.swift */ = {isa = PBXFileReference; lastKnownFileType = sourcecode.swift; path = ViewController.swift; sourceTree = "<group>"; };
		6FBE46CE25DE597900971EFC /* Base */ = {isa = PBXFileReference; lastKnownFileType = file.storyboard; name = Base; path = Base.lproj/Main.storyboard; sourceTree = "<group>"; };
		6FBE46D025DE597B00971EFC /* Assets.xcassets */ = {isa = PBXFileReference; lastKnownFileType = folder.assetcatalog; path = Assets.xcassets; sourceTree = "<group>"; };
		6FBE46D325DE597B00971EFC /* Base */ = {isa = PBXFileReference; lastKnownFileType = file.storyboard; name = Base; path = Base.lproj/LaunchScreen.storyboard; sourceTree = "<group>"; };
		6FBE46D525DE597B00971EFC /* Info.plist */ = {isa = PBXFileReference; lastKnownFileType = text.plist.xml; path = Info.plist; sourceTree = "<group>"; };
		A50461C325E65AD200ED1D0F /* icon2.png */ = {isa = PBXFileReference; lastKnownFileType = image.png; name = icon2.png; path = ../../../../../../Desktop/icon2.png; sourceTree = "<group>"; };
		A50461C725E65D3500ED1D0F /* icon1.png */ = {isa = PBXFileReference; lastKnownFileType = image.png; name = icon1.png; path = ../../../../../../Desktop/icon1.png; sourceTree = "<group>"; };
		A50461C825E65D3500ED1D0F /* icon3.png */ = {isa = PBXFileReference; lastKnownFileType = image.png; path = icon3.png; sourceTree = "<group>"; };
		A50461CC25E65E1B00ED1D0F /* icon6psd.png */ = {isa = PBXFileReference; lastKnownFileType = image.png; path = icon6psd.png; sourceTree = "<group>"; };
		A50461CD25E65E1B00ED1D0F /* icon8.png */ = {isa = PBXFileReference; lastKnownFileType = image.png; path = icon8.png; sourceTree = "<group>"; };
		A50461CE25E65E1B00ED1D0F /* icon5.png */ = {isa = PBXFileReference; lastKnownFileType = image.png; path = icon5.png; sourceTree = "<group>"; };
		A50461CF25E65E1B00ED1D0F /* icon4.png */ = {isa = PBXFileReference; lastKnownFileType = image.png; path = icon4.png; sourceTree = "<group>"; };
		A50461DF25E7A2DA00ED1D0F /* ContentDetailViewController.swift */ = {isa = PBXFileReference; lastKnownFileType = sourcecode.swift; path = ContentDetailViewController.swift; sourceTree = "<group>"; };
		A50940B225E597A7000D3A84 /* FavoriteTableModel.swift */ = {isa = PBXFileReference; lastKnownFileType = sourcecode.swift; path = FavoriteTableModel.swift; sourceTree = "<group>"; };
		A50940B625E627AA000D3A84 /* ContentDBModel.swift */ = {isa = PBXFileReference; lastKnownFileType = sourcecode.swift; path = ContentDBModel.swift; sourceTree = "<group>"; };
		A50940CD25E643FB000D3A84 /* RecentTableViewController.swift */ = {isa = PBXFileReference; lastKnownFileType = sourcecode.swift; path = RecentTableViewController.swift; sourceTree = "<group>"; };
		A50940D025E644A7000D3A84 /* RecentTableModel.swift */ = {isa = PBXFileReference; lastKnownFileType = sourcecode.swift; path = RecentTableModel.swift; sourceTree = "<group>"; };
		A50940D325E64832000D3A84 /* RecentTableViewCell.swift */ = {isa = PBXFileReference; lastKnownFileType = sourcecode.swift; path = RecentTableViewCell.swift; sourceTree = "<group>"; };
		A50940DB25E64D61000D3A84 /* BookTableViewController.swift */ = {isa = PBXFileReference; lastKnownFileType = sourcecode.swift; path = BookTableViewController.swift; sourceTree = "<group>"; };
		A50940DE25E64DD3000D3A84 /* BookTableModel.swift */ = {isa = PBXFileReference; lastKnownFileType = sourcecode.swift; path = BookTableModel.swift; sourceTree = "<group>"; };
		A50940E125E65112000D3A84 /* BookTableViewCell.swift */ = {isa = PBXFileReference; lastKnownFileType = sourcecode.swift; path = BookTableViewCell.swift; sourceTree = "<group>"; };
		A5D1F0C325E7E1A900751EB0 /* back1.png */ = {isa = PBXFileReference; lastKnownFileType = image.png; path = back1.png; sourceTree = "<group>"; };
		A5D1F0CE25E7EA6900751EB0 /* SearchResultTableViewController.swift */ = {isa = PBXFileReference; lastKnownFileType = sourcecode.swift; path = SearchResultTableViewController.swift; sourceTree = "<group>"; };
		A5E79CFC25DEA97000909E77 /* ad2.png */ = {isa = PBXFileReference; lastKnownFileType = image.png; path = ad2.png; sourceTree = "<group>"; };
		A5E79CFE25DEA97000909E77 /* ad1.png */ = {isa = PBXFileReference; lastKnownFileType = image.png; path = ad1.png; sourceTree = "<group>"; };
		A5E79D0B25DEAC9B00909E77 /* MainViewController.swift */ = {isa = PBXFileReference; lastKnownFileType = sourcecode.swift; path = MainViewController.swift; sourceTree = "<group>"; };
		A5E79D1425DECC9000909E77 /* SearchViewController.swift */ = {isa = PBXFileReference; lastKnownFileType = sourcecode.swift; path = SearchViewController.swift; sourceTree = "<group>"; };
		A5E79D1725DED32A00909E77 /* MyPageViewController.swift */ = {isa = PBXFileReference; lastKnownFileType = sourcecode.swift; path = MyPageViewController.swift; sourceTree = "<group>"; };
		A5E79D1C25DEDEAF00909E77 /* ad4.png */ = {isa = PBXFileReference; lastKnownFileType = image.png; path = ad4.png; sourceTree = "<group>"; };
		A5E79D1D25DEDEAF00909E77 /* ad7.png */ = {isa = PBXFileReference; lastKnownFileType = image.png; path = ad7.png; sourceTree = "<group>"; };
		A5E79D1E25DEDEAF00909E77 /* ad5.png */ = {isa = PBXFileReference; lastKnownFileType = image.png; path = ad5.png; sourceTree = "<group>"; };
		A5E79D1F25DEDEAF00909E77 /* ad6.png */ = {isa = PBXFileReference; lastKnownFileType = image.png; path = ad6.png; sourceTree = "<group>"; };
		A5E79D2B25DEEA6A00909E77 /* ad8.png */ = {isa = PBXFileReference; lastKnownFileType = image.png; path = ad8.png; sourceTree = "<group>"; };
		A5FF1BE325E5734B00D3C126 /* FavoriteTableViewController.swift */ = {isa = PBXFileReference; lastKnownFileType = sourcecode.swift; path = FavoriteTableViewController.swift; sourceTree = "<group>"; };
		A5FF1BE725E573F900D3C126 /* FavoriteTableViewCell.swift */ = {isa = PBXFileReference; lastKnownFileType = sourcecode.swift; path = FavoriteTableViewCell.swift; sourceTree = "<group>"; };
		EFA7072C0565F7D3120675E9 /* Pods-IOS_toon.release.xcconfig */ = {isa = PBXFileReference; includeInIndex = 1; lastKnownFileType = text.xcconfig; name = "Pods-IOS_toon.release.xcconfig"; path = "Target Support Files/Pods-IOS_toon/Pods-IOS_toon.release.xcconfig"; sourceTree = "<group>"; };
		F7B9597E1BA977F2D78A9C87 /* Pods_IOS_toon.framework */ = {isa = PBXFileReference; explicitFileType = wrapper.framework; includeInIndex = 0; path = Pods_IOS_toon.framework; sourceTree = BUILT_PRODUCTS_DIR; };
/* End PBXFileReference section */

/* Begin PBXFrameworksBuildPhase section */
		6FBE46C125DE597900971EFC /* Frameworks */ = {
			isa = PBXFrameworksBuildPhase;
			buildActionMask = 2147483647;
			files = (
				2AE6B710EBC800FC5ABCD152 /* Pods_IOS_toon.framework in Frameworks */,
			);
			runOnlyForDeploymentPostprocessing = 0;
		};
/* End PBXFrameworksBuildPhase section */

/* Begin PBXGroup section */
		2CA67C290760EC5CE43F385D /* Frameworks */ = {
			isa = PBXGroup;
			children = (
				F7B9597E1BA977F2D78A9C87 /* Pods_IOS_toon.framework */,
			);
			name = Frameworks;
			sourceTree = "<group>";
		};
		6FBE46BB25DE597900971EFC = {
			isa = PBXGroup;
			children = (
				6FBE46C625DE597900971EFC /* IOS_toon */,
				6FBE46C525DE597900971EFC /* Products */,
				8539F31A67AB874814834D04 /* Pods */,
				2CA67C290760EC5CE43F385D /* Frameworks */,
			);
			sourceTree = "<group>";
		};
		6FBE46C525DE597900971EFC /* Products */ = {
			isa = PBXGroup;
			children = (
				6FBE46C425DE597900971EFC /* IOS_toon.app */,
			);
			name = Products;
			sourceTree = "<group>";
		};
		6FBE46C625DE597900971EFC /* IOS_toon */ = {
			isa = PBXGroup;
			children = (
				A5E79CF325DEA83800909E77 /* Image */,
				6FBE46D225DE597B00971EFC /* LaunchScreen.storyboard */,
				6FBE46C725DE597900971EFC /* AppDelegate.swift */,
				6FBE46C925DE597900971EFC /* SceneDelegate.swift */,
				6FBE46CD25DE597900971EFC /* Main.storyboard */,
				6FBE46D025DE597B00971EFC /* Assets.xcassets */,
				6FBE46D525DE597B00971EFC /* Info.plist */,
				6F3C5CCD25DE67B500692EF1 /* TableViewController.swift */,
				6FA415F625DF6CB40018B1A4 /* JoinViewController.swift */,
				6F3C5CD325DE6F3000692EF1 /* FindViewController.swift */,
				6FBE46CB25DE597900971EFC /* ViewController.swift */,
				A5E79D1425DECC9000909E77 /* SearchViewController.swift */,
				A5D1F0CE25E7EA6900751EB0 /* SearchResultTableViewController.swift */,
				A5E79D1725DED32A00909E77 /* MyPageViewController.swift */,
				A5E79D0B25DEAC9B00909E77 /* MainViewController.swift */,
				A5FF1BE325E5734B00D3C126 /* FavoriteTableViewController.swift */,
				A50940B225E597A7000D3A84 /* FavoriteTableModel.swift */,
				A5FF1BE725E573F900D3C126 /* FavoriteTableViewCell.swift */,
				A50940CD25E643FB000D3A84 /* RecentTableViewController.swift */,
				A50940D025E644A7000D3A84 /* RecentTableModel.swift */,
				A50940D325E64832000D3A84 /* RecentTableViewCell.swift */,
				A50940DB25E64D61000D3A84 /* BookTableViewController.swift */,
				A50940DE25E64DD3000D3A84 /* BookTableModel.swift */,
				A50940E125E65112000D3A84 /* BookTableViewCell.swift */,
				A50461DF25E7A2DA00ED1D0F /* ContentDetailViewController.swift */,
				6F3C5CD025DE6A0500692EF1 /* Share.swift */,
				6FA415FB25E360AE0018B1A4 /* DBModel.swift */,
				A50940B625E627AA000D3A84 /* ContentDBModel.swift */,
				6FA415FE25E363310018B1A4 /* InsertModel.swift */,
				6F472D4025E38A8F0069DAD1 /* EmailCheckModel.swift */,
			);
			path = IOS_toon;
			sourceTree = "<group>";
		};
		8539F31A67AB874814834D04 /* Pods */ = {
			isa = PBXGroup;
			children = (
				63FABE2C36B800A83ECFF152 /* Pods-IOS_toon.debug.xcconfig */,
				EFA7072C0565F7D3120675E9 /* Pods-IOS_toon.release.xcconfig */,
			);
			path = Pods;
			sourceTree = "<group>";
		};
		A5E79CF325DEA83800909E77 /* Image */ = {
			isa = PBXGroup;
			children = (
				A5D1F0C325E7E1A900751EB0 /* back1.png */,
				A50461CF25E65E1B00ED1D0F /* icon4.png */,
				A50461CE25E65E1B00ED1D0F /* icon5.png */,
				A50461CC25E65E1B00ED1D0F /* icon6psd.png */,
				A50461CD25E65E1B00ED1D0F /* icon8.png */,
				A50461C725E65D3500ED1D0F /* icon1.png */,
				A50461C825E65D3500ED1D0F /* icon3.png */,
				A50461C325E65AD200ED1D0F /* icon2.png */,
				A5E79D2B25DEEA6A00909E77 /* ad8.png */,
				A5E79D1C25DEDEAF00909E77 /* ad4.png */,
				A5E79D1E25DEDEAF00909E77 /* ad5.png */,
				A5E79D1F25DEDEAF00909E77 /* ad6.png */,
				A5E79D1D25DEDEAF00909E77 /* ad7.png */,
				A5E79CFE25DEA97000909E77 /* ad1.png */,
				A5E79CFC25DEA97000909E77 /* ad2.png */,
			);
			path = Image;
			sourceTree = "<group>";
		};
/* End PBXGroup section */

/* Begin PBXNativeTarget section */
		6FBE46C325DE597900971EFC /* IOS_toon */ = {
			isa = PBXNativeTarget;
			buildConfigurationList = 6FBE46D825DE597B00971EFC /* Build configuration list for PBXNativeTarget "IOS_toon" */;
			buildPhases = (
				04E7C0A2A901DD19C8A8C3EA /* [CP] Check Pods Manifest.lock */,
				6FBE46C025DE597900971EFC /* Sources */,
				6FBE46C125DE597900971EFC /* Frameworks */,
				6FBE46C225DE597900971EFC /* Resources */,
				61CC160A6FE865EB5FC9B43A /* [CP] Embed Pods Frameworks */,
			);
			buildRules = (
			);
			dependencies = (
			);
			name = IOS_toon;
			productName = IOS_toon;
			productReference = 6FBE46C425DE597900971EFC /* IOS_toon.app */;
			productType = "com.apple.product-type.application";
		};
/* End PBXNativeTarget section */

/* Begin PBXProject section */
		6FBE46BC25DE597900971EFC /* Project object */ = {
			isa = PBXProject;
			attributes = {
				LastSwiftUpdateCheck = 1240;
				LastUpgradeCheck = 1240;
				TargetAttributes = {
					6FBE46C325DE597900971EFC = {
						CreatedOnToolsVersion = 12.4;
					};
				};
			};
			buildConfigurationList = 6FBE46BF25DE597900971EFC /* Build configuration list for PBXProject "IOS_toon" */;
			compatibilityVersion = "Xcode 9.3";
			developmentRegion = en;
			hasScannedForEncodings = 0;
			knownRegions = (
				en,
				Base,
			);
			mainGroup = 6FBE46BB25DE597900971EFC;
			productRefGroup = 6FBE46C525DE597900971EFC /* Products */;
			projectDirPath = "";
			projectRoot = "";
			targets = (
				6FBE46C325DE597900971EFC /* IOS_toon */,
			);
		};
/* End PBXProject section */

/* Begin PBXResourcesBuildPhase section */
		6FBE46C225DE597900971EFC /* Resources */ = {
			isa = PBXResourcesBuildPhase;
			buildActionMask = 2147483647;
			files = (
				A5D1F0C425E7E1A900751EB0 /* back1.png in Resources */,
				A50461D125E65E1B00ED1D0F /* icon8.png in Resources */,
				A5E79D2C25DEEA6A00909E77 /* ad8.png in Resources */,
				A5E79D0125DEA97000909E77 /* ad1.png in Resources */,
				6FBE46D425DE597B00971EFC /* LaunchScreen.storyboard in Resources */,
				A5E79D2225DEDEAF00909E77 /* ad5.png in Resources */,
				A50461D025E65E1B00ED1D0F /* icon6psd.png in Resources */,
				A5E79CFF25DEA97000909E77 /* ad2.png in Resources */,
				A50461D225E65E1B00ED1D0F /* icon5.png in Resources */,
				6FBE46D125DE597B00971EFC /* Assets.xcassets in Resources */,
				6FBE46CF25DE597900971EFC /* Main.storyboard in Resources */,
				A50461C925E65D3500ED1D0F /* icon1.png in Resources */,
				A5E79D2125DEDEAF00909E77 /* ad7.png in Resources */,
				A50461D325E65E1B00ED1D0F /* icon4.png in Resources */,
				A50461C425E65AD200ED1D0F /* icon2.png in Resources */,
				A5E79D2025DEDEAF00909E77 /* ad4.png in Resources */,
				A5E79D2325DEDEAF00909E77 /* ad6.png in Resources */,
				A50461CA25E65D3500ED1D0F /* icon3.png in Resources */,
			);
			runOnlyForDeploymentPostprocessing = 0;
		};
/* End PBXResourcesBuildPhase section */

/* Begin PBXShellScriptBuildPhase section */
		04E7C0A2A901DD19C8A8C3EA /* [CP] Check Pods Manifest.lock */ = {
			isa = PBXShellScriptBuildPhase;
			buildActionMask = 2147483647;
			files = (
			);
			inputFileListPaths = (
			);
			inputPaths = (
				"${PODS_PODFILE_DIR_PATH}/Podfile.lock",
				"${PODS_ROOT}/Manifest.lock",
			);
			name = "[CP] Check Pods Manifest.lock";
			outputFileListPaths = (
			);
			outputPaths = (
				"$(DERIVED_FILE_DIR)/Pods-IOS_toon-checkManifestLockResult.txt",
			);
			runOnlyForDeploymentPostprocessing = 0;
			shellPath = /bin/sh;
			shellScript = "diff \"${PODS_PODFILE_DIR_PATH}/Podfile.lock\" \"${PODS_ROOT}/Manifest.lock\" > /dev/null\nif [ $? != 0 ] ; then\n    # print error to STDERR\n    echo \"error: The sandbox is not in sync with the Podfile.lock. Run 'pod install' or update your CocoaPods installation.\" >&2\n    exit 1\nfi\n# This output is used by Xcode 'outputs' to avoid re-running this script phase.\necho \"SUCCESS\" > \"${SCRIPT_OUTPUT_FILE_0}\"\n";
			showEnvVarsInLog = 0;
		};
		61CC160A6FE865EB5FC9B43A /* [CP] Embed Pods Frameworks */ = {
			isa = PBXShellScriptBuildPhase;
			buildActionMask = 2147483647;
			files = (
			);
			inputFileListPaths = (
				"${PODS_ROOT}/Target Support Files/Pods-IOS_toon/Pods-IOS_toon-frameworks-${CONFIGURATION}-input-files.xcfilelist",
			);
			name = "[CP] Embed Pods Frameworks";
			outputFileListPaths = (
				"${PODS_ROOT}/Target Support Files/Pods-IOS_toon/Pods-IOS_toon-frameworks-${CONFIGURATION}-output-files.xcfilelist",
			);
			runOnlyForDeploymentPostprocessing = 0;
			shellPath = /bin/sh;
			shellScript = "\"${PODS_ROOT}/Target Support Files/Pods-IOS_toon/Pods-IOS_toon-frameworks.sh\"\n";
			showEnvVarsInLog = 0;
		};
/* End PBXShellScriptBuildPhase section */

/* Begin PBXSourcesBuildPhase section */
		6FBE46C025DE597900971EFC /* Sources */ = {
			isa = PBXSourcesBuildPhase;
			buildActionMask = 2147483647;
			files = (
				A50940B325E597A7000D3A84 /* FavoriteTableModel.swift in Sources */,
				A50940E225E65112000D3A84 /* BookTableViewCell.swift in Sources */,
				A50940DF25E64DD3000D3A84 /* BookTableModel.swift in Sources */,
				A50461E025E7A2DA00ED1D0F /* ContentDetailViewController.swift in Sources */,
				A5E79D0C25DEAC9C00909E77 /* MainViewController.swift in Sources */,
				A5E79D1825DED32A00909E77 /* MyPageViewController.swift in Sources */,
				6F3C5CD125DE6A0500692EF1 /* Share.swift in Sources */,
				A5E79D1525DECC9000909E77 /* SearchViewController.swift in Sources */,
				A5FF1BE825E573F900D3C126 /* FavoriteTableViewCell.swift in Sources */,
				6F472D4125E38A8F0069DAD1 /* EmailCheckModel.swift in Sources */,
				A50940B725E627AA000D3A84 /* ContentDBModel.swift in Sources */,
				6FBE46CC25DE597900971EFC /* ViewController.swift in Sources */,
				6FBE46C825DE597900971EFC /* AppDelegate.swift in Sources */,
				A50940D125E644A7000D3A84 /* RecentTableModel.swift in Sources */,
				6FBE46CA25DE597900971EFC /* SceneDelegate.swift in Sources */,
				6F3C5CCE25DE67B500692EF1 /* TableViewController.swift in Sources */,
				A50940DC25E64D61000D3A84 /* BookTableViewController.swift in Sources */,
				A50940CE25E643FB000D3A84 /* RecentTableViewController.swift in Sources */,
				6FA415F725DF6CB40018B1A4 /* JoinViewController.swift in Sources */,
				A5D1F0CF25E7EA6900751EB0 /* SearchResultTableViewController.swift in Sources */,
				6FA415FC25E360AE0018B1A4 /* DBModel.swift in Sources */,
				A50940D425E64832000D3A84 /* RecentTableViewCell.swift in Sources */,
				6FA415FF25E363310018B1A4 /* InsertModel.swift in Sources */,
				6F3C5CD425DE6F3000692EF1 /* FindViewController.swift in Sources */,
				A5FF1BE425E5734B00D3C126 /* FavoriteTableViewController.swift in Sources */,
			);
			runOnlyForDeploymentPostprocessing = 0;
		};
/* End PBXSourcesBuildPhase section */

/* Begin PBXVariantGroup section */
		6FBE46CD25DE597900971EFC /* Main.storyboard */ = {
			isa = PBXVariantGroup;
			children = (
				6FBE46CE25DE597900971EFC /* Base */,
			);
			name = Main.storyboard;
			sourceTree = "<group>";
		};
		6FBE46D225DE597B00971EFC /* LaunchScreen.storyboard */ = {
			isa = PBXVariantGroup;
			children = (
				6FBE46D325DE597B00971EFC /* Base */,
			);
			name = LaunchScreen.storyboard;
			sourceTree = "<group>";
		};
/* End PBXVariantGroup section */

/* Begin XCBuildConfiguration section */
		6FBE46D625DE597B00971EFC /* Debug */ = {
			isa = XCBuildConfiguration;
			buildSettings = {
				ALWAYS_SEARCH_USER_PATHS = NO;
				CLANG_ANALYZER_NONNULL = YES;
				CLANG_ANALYZER_NUMBER_OBJECT_CONVERSION = YES_AGGRESSIVE;
				CLANG_CXX_LANGUAGE_STANDARD = "gnu++14";
				CLANG_CXX_LIBRARY = "libc++";
				CLANG_ENABLE_MODULES = YES;
				CLANG_ENABLE_OBJC_ARC = YES;
				CLANG_ENABLE_OBJC_WEAK = YES;
				CLANG_WARN_BLOCK_CAPTURE_AUTORELEASING = YES;
				CLANG_WARN_BOOL_CONVERSION = YES;
				CLANG_WARN_COMMA = YES;
				CLANG_WARN_CONSTANT_CONVERSION = YES;
				CLANG_WARN_DEPRECATED_OBJC_IMPLEMENTATIONS = YES;
				CLANG_WARN_DIRECT_OBJC_ISA_USAGE = YES_ERROR;
				CLANG_WARN_DOCUMENTATION_COMMENTS = YES;
				CLANG_WARN_EMPTY_BODY = YES;
				CLANG_WARN_ENUM_CONVERSION = YES;
				CLANG_WARN_INFINITE_RECURSION = YES;
				CLANG_WARN_INT_CONVERSION = YES;
				CLANG_WARN_NON_LITERAL_NULL_CONVERSION = YES;
				CLANG_WARN_OBJC_IMPLICIT_RETAIN_SELF = YES;
				CLANG_WARN_OBJC_LITERAL_CONVERSION = YES;
				CLANG_WARN_OBJC_ROOT_CLASS = YES_ERROR;
				CLANG_WARN_QUOTED_INCLUDE_IN_FRAMEWORK_HEADER = YES;
				CLANG_WARN_RANGE_LOOP_ANALYSIS = YES;
				CLANG_WARN_STRICT_PROTOTYPES = YES;
				CLANG_WARN_SUSPICIOUS_MOVE = YES;
				CLANG_WARN_UNGUARDED_AVAILABILITY = YES_AGGRESSIVE;
				CLANG_WARN_UNREACHABLE_CODE = YES;
				CLANG_WARN__DUPLICATE_METHOD_MATCH = YES;
				COPY_PHASE_STRIP = NO;
				DEBUG_INFORMATION_FORMAT = dwarf;
				ENABLE_STRICT_OBJC_MSGSEND = YES;
				ENABLE_TESTABILITY = YES;
				GCC_C_LANGUAGE_STANDARD = gnu11;
				GCC_DYNAMIC_NO_PIC = NO;
				GCC_NO_COMMON_BLOCKS = YES;
				GCC_OPTIMIZATION_LEVEL = 0;
				GCC_PREPROCESSOR_DEFINITIONS = (
					"DEBUG=1",
					"$(inherited)",
				);
				GCC_WARN_64_TO_32_BIT_CONVERSION = YES;
				GCC_WARN_ABOUT_RETURN_TYPE = YES_ERROR;
				GCC_WARN_UNDECLARED_SELECTOR = YES;
				GCC_WARN_UNINITIALIZED_AUTOS = YES_AGGRESSIVE;
				GCC_WARN_UNUSED_FUNCTION = YES;
				GCC_WARN_UNUSED_VARIABLE = YES;
				IPHONEOS_DEPLOYMENT_TARGET = 14.4;
				MTL_ENABLE_DEBUG_INFO = INCLUDE_SOURCE;
				MTL_FAST_MATH = YES;
				ONLY_ACTIVE_ARCH = YES;
				SDKROOT = iphoneos;
				SWIFT_ACTIVE_COMPILATION_CONDITIONS = DEBUG;
				SWIFT_OPTIMIZATION_LEVEL = "-Onone";
			};
			name = Debug;
		};
		6FBE46D725DE597B00971EFC /* Release */ = {
			isa = XCBuildConfiguration;
			buildSettings = {
				ALWAYS_SEARCH_USER_PATHS = NO;
				CLANG_ANALYZER_NONNULL = YES;
				CLANG_ANALYZER_NUMBER_OBJECT_CONVERSION = YES_AGGRESSIVE;
				CLANG_CXX_LANGUAGE_STANDARD = "gnu++14";
				CLANG_CXX_LIBRARY = "libc++";
				CLANG_ENABLE_MODULES = YES;
				CLANG_ENABLE_OBJC_ARC = YES;
				CLANG_ENABLE_OBJC_WEAK = YES;
				CLANG_WARN_BLOCK_CAPTURE_AUTORELEASING = YES;
				CLANG_WARN_BOOL_CONVERSION = YES;
				CLANG_WARN_COMMA = YES;
				CLANG_WARN_CONSTANT_CONVERSION = YES;
				CLANG_WARN_DEPRECATED_OBJC_IMPLEMENTATIONS = YES;
				CLANG_WARN_DIRECT_OBJC_ISA_USAGE = YES_ERROR;
				CLANG_WARN_DOCUMENTATION_COMMENTS = YES;
				CLANG_WARN_EMPTY_BODY = YES;
				CLANG_WARN_ENUM_CONVERSION = YES;
				CLANG_WARN_INFINITE_RECURSION = YES;
				CLANG_WARN_INT_CONVERSION = YES;
				CLANG_WARN_NON_LITERAL_NULL_CONVERSION = YES;
				CLANG_WARN_OBJC_IMPLICIT_RETAIN_SELF = YES;
				CLANG_WARN_OBJC_LITERAL_CONVERSION = YES;
				CLANG_WARN_OBJC_ROOT_CLASS = YES_ERROR;
				CLANG_WARN_QUOTED_INCLUDE_IN_FRAMEWORK_HEADER = YES;
				CLANG_WARN_RANGE_LOOP_ANALYSIS = YES;
				CLANG_WARN_STRICT_PROTOTYPES = YES;
				CLANG_WARN_SUSPICIOUS_MOVE = YES;
				CLANG_WARN_UNGUARDED_AVAILABILITY = YES_AGGRESSIVE;
				CLANG_WARN_UNREACHABLE_CODE = YES;
				CLANG_WARN__DUPLICATE_METHOD_MATCH = YES;
				COPY_PHASE_STRIP = NO;
				DEBUG_INFORMATION_FORMAT = "dwarf-with-dsym";
				ENABLE_NS_ASSERTIONS = NO;
				ENABLE_STRICT_OBJC_MSGSEND = YES;
				GCC_C_LANGUAGE_STANDARD = gnu11;
				GCC_NO_COMMON_BLOCKS = YES;
				GCC_WARN_64_TO_32_BIT_CONVERSION = YES;
				GCC_WARN_ABOUT_RETURN_TYPE = YES_ERROR;
				GCC_WARN_UNDECLARED_SELECTOR = YES;
				GCC_WARN_UNINITIALIZED_AUTOS = YES_AGGRESSIVE;
				GCC_WARN_UNUSED_FUNCTION = YES;
				GCC_WARN_UNUSED_VARIABLE = YES;
				IPHONEOS_DEPLOYMENT_TARGET = 14.4;
				MTL_ENABLE_DEBUG_INFO = NO;
				MTL_FAST_MATH = YES;
				SDKROOT = iphoneos;
				SWIFT_COMPILATION_MODE = wholemodule;
				SWIFT_OPTIMIZATION_LEVEL = "-O";
				VALIDATE_PRODUCT = YES;
			};
			name = Release;
		};
		6FBE46D925DE597B00971EFC /* Debug */ = {
			isa = XCBuildConfiguration;
			baseConfigurationReference = 63FABE2C36B800A83ECFF152 /* Pods-IOS_toon.debug.xcconfig */;
			buildSettings = {
				ASSETCATALOG_COMPILER_APPICON_NAME = AppIcon;
				ASSETCATALOG_COMPILER_GLOBAL_ACCENT_COLOR_NAME = AccentColor;
				CODE_SIGN_STYLE = Automatic;
				DEVELOPMENT_TEAM = D97N723355;
				INFOPLIST_FILE = IOS_toon/Info.plist;
				LD_RUNPATH_SEARCH_PATHS = (
					"$(inherited)",
					"@executable_path/Frameworks",
				);
				PRODUCT_BUNDLE_IDENTIFIER = "com.swiftlec.IOS-toon";
				PRODUCT_NAME = "$(TARGET_NAME)";
				SWIFT_VERSION = 5.0;
				TARGETED_DEVICE_FAMILY = 1;
			};
			name = Debug;
		};
		6FBE46DA25DE597B00971EFC /* Release */ = {
			isa = XCBuildConfiguration;
			baseConfigurationReference = EFA7072C0565F7D3120675E9 /* Pods-IOS_toon.release.xcconfig */;
			buildSettings = {
				ASSETCATALOG_COMPILER_APPICON_NAME = AppIcon;
				ASSETCATALOG_COMPILER_GLOBAL_ACCENT_COLOR_NAME = AccentColor;
				CODE_SIGN_STYLE = Automatic;
				DEVELOPMENT_TEAM = D97N723355;
				INFOPLIST_FILE = IOS_toon/Info.plist;
				LD_RUNPATH_SEARCH_PATHS = (
					"$(inherited)",
					"@executable_path/Frameworks",
				);
				PRODUCT_BUNDLE_IDENTIFIER = "com.swiftlec.IOS-toon";
				PRODUCT_NAME = "$(TARGET_NAME)";
				SWIFT_VERSION = 5.0;
				TARGETED_DEVICE_FAMILY = 1;
			};
			name = Release;
		};
/* End XCBuildConfiguration section */

/* Begin XCConfigurationList section */
		6FBE46BF25DE597900971EFC /* Build configuration list for PBXProject "IOS_toon" */ = {
			isa = XCConfigurationList;
			buildConfigurations = (
				6FBE46D625DE597B00971EFC /* Debug */,
				6FBE46D725DE597B00971EFC /* Release */,
			);
			defaultConfigurationIsVisible = 0;
			defaultConfigurationName = Release;
		};
		6FBE46D825DE597B00971EFC /* Build configuration list for PBXNativeTarget "IOS_toon" */ = {
			isa = XCConfigurationList;
			buildConfigurations = (
				6FBE46D925DE597B00971EFC /* Debug */,
				6FBE46DA25DE597B00971EFC /* Release */,
			);
			defaultConfigurationIsVisible = 0;
			defaultConfigurationName = Release;
		};
/* End XCConfigurationList section */
	};
	rootObject = 6FBE46BC25DE597900971EFC /* Project object */;
}
